
Microsoft Visual Studio Solution File, Format Version 12.00
# Visual Studio 15
VisualStudioVersion = 15.0.27428.2002
MinimumVisualStudioVersion = 10.0.40219.1
Project("{FAE04EC0-301F-11D3-BF4B-00C04F79EFBC}") = "Programming_Project_3", "Programming_Project_3\Programming_Project_3.csproj", "{F60B8EC5-039E-4736-A455-04880439217E}"
EndProject
Global
	GlobalSection(SolutionConfigurationPlatforms) = preSolution
		Debug|Any CPU = Debug|Any CPU
		Release|Any CPU = Release|Any CPU
	EndGlobalSection
	GlobalSection(ProjectConfigurationPlatforms) = postSolution
		{F60B8EC5-039E-4736-A455-04880439217E}.Debug|Any CPU.ActiveCfg = Debug|Any CPU
		{F60B8EC5-039E-4736-A455-04880439217E}.Debug|Any CPU.Build.0 = Debug|Any CPU
		{F60B8EC5-039E-4736-A455-04880439217E}.Release|Any CPU.ActiveCfg = Release|Any CPU
		{F60B8EC5-039E-4736-A455-04880439217E}.Release|Any CPU.Build.0 = Release|Any CPU
	EndGlobalSection
	GlobalSection(SolutionProperties) = preSolution
		HideSolutionNode = FALSE
	EndGlobalSection
	GlobalSection(ExtensibilityGlobals) = postSolution
		SolutionGuid = {918769B9-85B5-4E24-94D8-A454E18E1F45}
	EndGlobalSection
EndGlobal
